{
  "name": "v0.3",
  "lockfileVersion": 3,
  "requires": true,
  "packages": {
    "": {
      "workspaces": [
        "apps/*",
        "packages/*"
      ]
    },
    "node_modules/@piconex/communication": {
      "resolved": "packages/communication",
      "link": true
    },
    "node_modules/@piconex/iam": {
      "resolved": "packages/iam",
      "link": true
    },
    "packages/communication": {
      "name": "@piconex/communication",
      "version": "1.0.0"
    },
    "packages/iam": {
      "name": "@piconex/iam",
      "version": "1.0.0"
    }
  }
}
